
Microsoft Visual Studio Solution File, Format Version 12.00
# Visual Studio Version 17
VisualStudioVersion = 17.13.35931.197
MinimumVisualStudioVersion = 10.0.40219.1
Project("{9A19103F-16F7-4668-BE54-9A1E7A4F7556}") = "Web", "caso-pr-ctico-1-404-notfoundWEB\Web.csproj", "{44992DAF-9659-40D8-AD43-13EEB72C707F}"
EndProject
Project("{9A19103F-16F7-4668-BE54-9A1E7A4F7556}") = "Abstracciones", "Abstracciones\Abstracciones.csproj", "{1A3DBAF5-C7AA-4345-B54E-3AD7239436C4}"
EndProject
Project("{9A19103F-16F7-4668-BE54-9A1E7A4F7556}") = "Reglas", "Reglas\Reglas.csproj", "{BE322CE5-AE9F-4EEF-85C4-40D87D34DA3E}"
EndProject
Global
	GlobalSection(SolutionConfigurationPlatforms) = preSolution
		Debug|Any CPU = Debug|Any CPU
		Release|Any CPU = Release|Any CPU
	EndGlobalSection
	GlobalSection(ProjectConfigurationPlatforms) = postSolution
		{44992DAF-9659-40D8-AD43-13EEB72C707F}.Debug|Any CPU.ActiveCfg = Debug|Any CPU
		{44992DAF-9659-40D8-AD43-13EEB72C707F}.Debug|Any CPU.Build.0 = Debug|Any CPU
		{44992DAF-9659-40D8-AD43-13EEB72C707F}.Release|Any CPU.ActiveCfg = Release|Any CPU
		{44992DAF-9659-40D8-AD43-13EEB72C707F}.Release|Any CPU.Build.0 = Release|Any CPU
		{1A3DBAF5-C7AA-4345-B54E-3AD7239436C4}.Debug|Any CPU.ActiveCfg = Debug|Any CPU
		{1A3DBAF5-C7AA-4345-B54E-3AD7239436C4}.Debug|Any CPU.Build.0 = Debug|Any CPU
		{1A3DBAF5-C7AA-4345-B54E-3AD7239436C4}.Release|Any CPU.ActiveCfg = Release|Any CPU
		{1A3DBAF5-C7AA-4345-B54E-3AD7239436C4}.Release|Any CPU.Build.0 = Release|Any CPU
		{BE322CE5-AE9F-4EEF-85C4-40D87D34DA3E}.Debug|Any CPU.ActiveCfg = Debug|Any CPU
		{BE322CE5-AE9F-4EEF-85C4-40D87D34DA3E}.Debug|Any CPU.Build.0 = Debug|Any CPU
		{BE322CE5-AE9F-4EEF-85C4-40D87D34DA3E}.Release|Any CPU.ActiveCfg = Release|Any CPU
		{BE322CE5-AE9F-4EEF-85C4-40D87D34DA3E}.Release|Any CPU.Build.0 = Release|Any CPU
	EndGlobalSection
	GlobalSection(SolutionProperties) = preSolution
		HideSolutionNode = FALSE
	EndGlobalSection
	GlobalSection(ExtensibilityGlobals) = postSolution
		SolutionGuid = {75069121-89D2-43A2-B5DA-069C38CC2402}
	EndGlobalSection
EndGlobal
